{
  "name": "wikimedia-api-pageviews",
  "version": "1.0.0",
  "lockfileVersion": 1,
  "requires": true,
  "dependencies": {
    "@types/node": {
      "version": "10.12.21",
      "resolved": "https://registry.npmjs.org/@types/node/-/node-10.12.21.tgz",
      "integrity": "sha512-CBgLNk4o3XMnqMc0rhb6lc77IwShMEglz05deDcn2lQxyXEZivfwgYJu7SMha9V5XcrP6qZuevTHV/QrN2vjKQ==",
      "dev": true
    },
    "@types/node-fetch": {
      "version": "2.1.4",
      "resolved": "https://registry.npmjs.org/@types/node-fetch/-/node-fetch-2.1.4.tgz",
      "integrity": "sha512-tR1ekaXUGpmzOcDXWU9BW73YfA2/VW1DF1FH+wlJ82BbCSnWTbdX+JkqWQXWKIGsFPnPsYadbXfNgz28g+ccWg==",
      "dev": true,
      "requires": {
        "@types/node": "*"
      }
    },
    "node-fetch": {
      "version": "2.6.1",
      "resolved": "https://registry.npmjs.org/node-fetch/-/node-fetch-2.6.1.tgz",
      "integrity": "sha512-V4aYg89jEoVRxRb2fJdAg8FHvI7cEyYdVAh94HH0UIK8oJxUfkjlDQN9RbMx+bEjP7+ggMiFRprSti032Oipxw=="
    },
    "typescript": {
      "version": "3.3.1",
      "resolved": "https://registry.npmjs.org/typescript/-/typescript-3.3.1.tgz",
      "integrity": "sha512-cTmIDFW7O0IHbn1DPYjkiebHxwtCMU+eTy30ZtJNBPF9j2O1ITu5XH2YnBeVRKWHqF+3JQwWJv0Q0aUgX8W7IA==",
      "dev": true
    }
  }
}
